
Microsoft Visual Studio Solution File, Format Version 12.00
# Visual Studio Version 16
VisualStudioVersion = 16.0.31410.357
MinimumVisualStudioVersion = 10.0.40219.1
Project("{FAE04EC0-301F-11D3-BF4B-00C04F79EFBC}") = "CheckList", "CheckList\CheckList.csproj", "{792DDA06-3A66-44DA-94B4-9BA381E5B4EA}"
EndProject
Global
	GlobalSection(SolutionConfigurationPlatforms) = preSolution
		Debug|Any CPU = Debug|Any CPU
		Release|Any CPU = Release|Any CPU
	EndGlobalSection
	GlobalSection(ProjectConfigurationPlatforms) = postSolution
		{792DDA06-3A66-44DA-94B4-9BA381E5B4EA}.Debug|Any CPU.ActiveCfg = Debug|Any CPU
		{792DDA06-3A66-44DA-94B4-9BA381E5B4EA}.Debug|Any CPU.Build.0 = Debug|Any CPU
		{792DDA06-3A66-44DA-94B4-9BA381E5B4EA}.Release|Any CPU.ActiveCfg = Release|Any CPU
		{792DDA06-3A66-44DA-94B4-9BA381E5B4EA}.Release|Any CPU.Build.0 = Release|Any CPU
	EndGlobalSection
	GlobalSection(SolutionProperties) = preSolution
		HideSolutionNode = FALSE
	EndGlobalSection
	GlobalSection(ExtensibilityGlobals) = postSolution
		SolutionGuid = {F5F74349-E207-44B4-9819-7A1D32D09BB0}
	EndGlobalSection
EndGlobal
